
Microsoft Visual Studio Solution File, Format Version 12.00
# Visual Studio 2013
VisualStudioVersion = 12.0.40629.0
MinimumVisualStudioVersion = 10.0.40219.1
Project("{8BC9CEB8-8B4A-11D0-8D11-00A0C91BC942}") = "GOAP", "GOAP.vcxproj", "{5A49A781-191D-4B43-A9B0-EEB41D2032D3}"
EndProject
Project("{8BC9CEB8-8B4A-11D0-8D11-00A0C91BC942}") = "sandbox", "sandbox.vcxproj", "{05B52DBE-EEF4-4B3D-885C-EFFF860582E9}"
	ProjectSection(ProjectDependencies) = postProject
		{5A49A781-191D-4B43-A9B0-EEB41D2032D3} = {5A49A781-191D-4B43-A9B0-EEB41D2032D3}
	EndProjectSection
EndProject
Global
	GlobalSection(SolutionConfigurationPlatforms) = preSolution
		Debug|Win32 = Debug|Win32
		Release|Win32 = Release|Win32
	EndGlobalSection
	GlobalSection(ProjectConfigurationPlatforms) = postSolution
		{5A49A781-191D-4B43-A9B0-EEB41D2032D3}.Debug|Win32.ActiveCfg = Debug|Win32
		{5A49A781-191D-4B43-A9B0-EEB41D2032D3}.Debug|Win32.Build.0 = Debug|Win32
		{5A49A781-191D-4B43-A9B0-EEB41D2032D3}.Release|Win32.ActiveCfg = Release|Win32
		{5A49A781-191D-4B43-A9B0-EEB41D2032D3}.Release|Win32.Build.0 = Release|Win32
		{05B52DBE-EEF4-4B3D-885C-EFFF860582E9}.Debug|Win32.ActiveCfg = Debug|Win32
		{05B52DBE-EEF4-4B3D-885C-EFFF860582E9}.Debug|Win32.Build.0 = Debug|Win32
		{05B52DBE-EEF4-4B3D-885C-EFFF860582E9}.Release|Win32.ActiveCfg = Release|Win32
		{05B52DBE-EEF4-4B3D-885C-EFFF860582E9}.Release|Win32.Build.0 = Release|Win32
	EndGlobalSection
	GlobalSection(SolutionProperties) = preSolution
		HideSolutionNode = FALSE
	EndGlobalSection
EndGlobal
