
Microsoft Visual Studio Solution File, Format Version 12.00
# Visual Studio 2013
VisualStudioVersion = 12.0.40629.0
MinimumVisualStudioVersion = 10.0.40219.1
Project("{8BC9CEB8-8B4A-11D0-8D11-00A0C91BC942}") = "GOAP", "GOAP.vcxproj", "{5A49A781-191D-4B43-A9B0-EEB41D2032D3}"
EndProject
Project("{8BC9CEB8-8B4A-11D0-8D11-00A0C91BC942}") = "sandbox", "sandbox.vcxproj", "{05B52DBE-EEF4-4B3D-885C-EFFF860582E9}"
	ProjectSection(ProjectDependencies) = postProject
		{26BC500C-EC7E-4F5C-AADE-E76995CD7CA8} = {26BC500C-EC7E-4F5C-AADE-E76995CD7CA8}
		{8AF82715-0D60-4D02-A8A9-5C7EBB7F2783} = {8AF82715-0D60-4D02-A8A9-5C7EBB7F2783}
		{5A49A781-191D-4B43-A9B0-EEB41D2032D3} = {5A49A781-191D-4B43-A9B0-EEB41D2032D3}
	EndProjectSection
EndProject
Project("{8BC9CEB8-8B4A-11D0-8D11-00A0C91BC942}") = "luaGOAP", "luaGOAP.vcxproj", "{26BC500C-EC7E-4F5C-AADE-E76995CD7CA8}"
EndProject
Project("{8BC9CEB8-8B4A-11D0-8D11-00A0C91BC942}") = "lua533", "lua533.vcxproj", "{8AF82715-0D60-4D02-A8A9-5C7EBB7F2783}"
EndProject
Global
	GlobalSection(SolutionConfigurationPlatforms) = preSolution
		Debug|Win32 = Debug|Win32
		Release|Win32 = Release|Win32
	EndGlobalSection
	GlobalSection(ProjectConfigurationPlatforms) = postSolution
		{5A49A781-191D-4B43-A9B0-EEB41D2032D3}.Debug|Win32.ActiveCfg = Debug|Win32
		{5A49A781-191D-4B43-A9B0-EEB41D2032D3}.Debug|Win32.Build.0 = Debug|Win32
		{5A49A781-191D-4B43-A9B0-EEB41D2032D3}.Release|Win32.ActiveCfg = Release|Win32
		{5A49A781-191D-4B43-A9B0-EEB41D2032D3}.Release|Win32.Build.0 = Release|Win32
		{05B52DBE-EEF4-4B3D-885C-EFFF860582E9}.Debug|Win32.ActiveCfg = Debug|Win32
		{05B52DBE-EEF4-4B3D-885C-EFFF860582E9}.Debug|Win32.Build.0 = Debug|Win32
		{05B52DBE-EEF4-4B3D-885C-EFFF860582E9}.Release|Win32.ActiveCfg = Release|Win32
		{05B52DBE-EEF4-4B3D-885C-EFFF860582E9}.Release|Win32.Build.0 = Release|Win32
		{26BC500C-EC7E-4F5C-AADE-E76995CD7CA8}.Debug|Win32.ActiveCfg = Debug|Win32
		{26BC500C-EC7E-4F5C-AADE-E76995CD7CA8}.Debug|Win32.Build.0 = Debug|Win32
		{26BC500C-EC7E-4F5C-AADE-E76995CD7CA8}.Release|Win32.ActiveCfg = Release|Win32
		{26BC500C-EC7E-4F5C-AADE-E76995CD7CA8}.Release|Win32.Build.0 = Release|Win32
		{8AF82715-0D60-4D02-A8A9-5C7EBB7F2783}.Debug|Win32.ActiveCfg = Debug|Win32
		{8AF82715-0D60-4D02-A8A9-5C7EBB7F2783}.Debug|Win32.Build.0 = Debug|Win32
		{8AF82715-0D60-4D02-A8A9-5C7EBB7F2783}.Release|Win32.ActiveCfg = Release|Win32
		{8AF82715-0D60-4D02-A8A9-5C7EBB7F2783}.Release|Win32.Build.0 = Release|Win32
	EndGlobalSection
	GlobalSection(SolutionProperties) = preSolution
		HideSolutionNode = FALSE
	EndGlobalSection
EndGlobal
